
Microsoft Visual Studio Solution File, Format Version 12.00
# Visual Studio Version 17
VisualStudioVersion = 17.11.35219.272
MinimumVisualStudioVersion = 10.0.40219.1
Project("{9A19103F-16F7-4668-BE54-9A1E7A4F7556}") = "WPFBackupMaker", "WPFBackupMaker.csproj", "{927706CC-891E-433B-BB21-8D5405CFB44F}"
EndProject
Global
	GlobalSection(SolutionConfigurationPlatforms) = preSolution
		Debug|Any CPU = Debug|Any CPU
		Release|Any CPU = Release|Any CPU
	EndGlobalSection
	GlobalSection(ProjectConfigurationPlatforms) = postSolution
		{927706CC-891E-433B-BB21-8D5405CFB44F}.Debug|Any CPU.ActiveCfg = Debug|Any CPU
		{927706CC-891E-433B-BB21-8D5405CFB44F}.Debug|Any CPU.Build.0 = Debug|Any CPU
		{927706CC-891E-433B-BB21-8D5405CFB44F}.Release|Any CPU.ActiveCfg = Release|Any CPU
		{927706CC-891E-433B-BB21-8D5405CFB44F}.Release|Any CPU.Build.0 = Release|Any CPU
	EndGlobalSection
	GlobalSection(SolutionProperties) = preSolution
		HideSolutionNode = FALSE
	EndGlobalSection
	GlobalSection(ExtensibilityGlobals) = postSolution
		SolutionGuid = {F8E81FAD-C0F1-40D6-90E6-F370B4A48E42}
	EndGlobalSection
EndGlobal
